
Microsoft Visual Studio Solution File, Format Version 12.00
# Visual Studio Version 16
VisualStudioVersion = 16.0.31005.135
MinimumVisualStudioVersion = 10.0.40219.1
Project("{FAE04EC0-301F-11D3-BF4B-00C04F79EFBC}") = "HRMSEntitiesLib", "HRMSEntitiesLib\HRMSEntitiesLib.csproj", "{10511732-FB27-4ABA-8937-0EF65A7D3C8F}"
EndProject
Project("{FAE04EC0-301F-11D3-BF4B-00C04F79EFBC}") = "HRMSDataAccessLib", "HRMSDataAccessLib\HRMSDataAccessLib.csproj", "{A599952E-1C82-4444-9F97-ED4541DF57C4}"
EndProject
Project("{FAE04EC0-301F-11D3-BF4B-00C04F79EFBC}") = "HRMSBusinessLib", "HRMSBusinessLib\HRMSBusinessLib.csproj", "{D319B63D-1152-43FE-BE60-F3EAE888D6CA}"
EndProject
Project("{FAE04EC0-301F-11D3-BF4B-00C04F79EFBC}") = "HRMSConsoleUI", "HRMSConsoleUI\HRMSConsoleUI.csproj", "{F9222620-A1E9-457F-A4B2-9B298F1BE5C8}"
EndProject
Project("{FAE04EC0-301F-11D3-BF4B-00C04F79EFBC}") = "HRMSWinFormUI", "HRMSWinFormUI\HRMSWinFormUI.csproj", "{7B343AD9-ED3E-464D-A67D-A4BFE464D4A2}"
EndProject
Global
	GlobalSection(SolutionConfigurationPlatforms) = preSolution
		Debug|Any CPU = Debug|Any CPU
		Release|Any CPU = Release|Any CPU
	EndGlobalSection
	GlobalSection(ProjectConfigurationPlatforms) = postSolution
		{10511732-FB27-4ABA-8937-0EF65A7D3C8F}.Debug|Any CPU.ActiveCfg = Debug|Any CPU
		{10511732-FB27-4ABA-8937-0EF65A7D3C8F}.Debug|Any CPU.Build.0 = Debug|Any CPU
		{10511732-FB27-4ABA-8937-0EF65A7D3C8F}.Release|Any CPU.ActiveCfg = Release|Any CPU
		{10511732-FB27-4ABA-8937-0EF65A7D3C8F}.Release|Any CPU.Build.0 = Release|Any CPU
		{A599952E-1C82-4444-9F97-ED4541DF57C4}.Debug|Any CPU.ActiveCfg = Debug|Any CPU
		{A599952E-1C82-4444-9F97-ED4541DF57C4}.Debug|Any CPU.Build.0 = Debug|Any CPU
		{A599952E-1C82-4444-9F97-ED4541DF57C4}.Release|Any CPU.ActiveCfg = Release|Any CPU
		{A599952E-1C82-4444-9F97-ED4541DF57C4}.Release|Any CPU.Build.0 = Release|Any CPU
		{D319B63D-1152-43FE-BE60-F3EAE888D6CA}.Debug|Any CPU.ActiveCfg = Debug|Any CPU
		{D319B63D-1152-43FE-BE60-F3EAE888D6CA}.Debug|Any CPU.Build.0 = Debug|Any CPU
		{D319B63D-1152-43FE-BE60-F3EAE888D6CA}.Release|Any CPU.ActiveCfg = Release|Any CPU
		{D319B63D-1152-43FE-BE60-F3EAE888D6CA}.Release|Any CPU.Build.0 = Release|Any CPU
		{F9222620-A1E9-457F-A4B2-9B298F1BE5C8}.Debug|Any CPU.ActiveCfg = Debug|Any CPU
		{F9222620-A1E9-457F-A4B2-9B298F1BE5C8}.Debug|Any CPU.Build.0 = Debug|Any CPU
		{F9222620-A1E9-457F-A4B2-9B298F1BE5C8}.Release|Any CPU.ActiveCfg = Release|Any CPU
		{F9222620-A1E9-457F-A4B2-9B298F1BE5C8}.Release|Any CPU.Build.0 = Release|Any CPU
		{7B343AD9-ED3E-464D-A67D-A4BFE464D4A2}.Debug|Any CPU.ActiveCfg = Debug|Any CPU
		{7B343AD9-ED3E-464D-A67D-A4BFE464D4A2}.Debug|Any CPU.Build.0 = Debug|Any CPU
		{7B343AD9-ED3E-464D-A67D-A4BFE464D4A2}.Release|Any CPU.ActiveCfg = Release|Any CPU
		{7B343AD9-ED3E-464D-A67D-A4BFE464D4A2}.Release|Any CPU.Build.0 = Release|Any CPU
	EndGlobalSection
	GlobalSection(SolutionProperties) = preSolution
		HideSolutionNode = FALSE
	EndGlobalSection
	GlobalSection(ExtensibilityGlobals) = postSolution
		SolutionGuid = {997657B2-FD5A-4AF4-BEAB-DB9AF17C1182}
	EndGlobalSection
EndGlobal
